
Microsoft Visual Studio Solution File, Format Version 12.00
Project("{FAE04EC0-301F-11D3-BF4B-00C04F79EFBC}") = "PhotoBooth", "PhotoBooth\PhotoBooth.csproj", "{EA1AC65F-9D86-4D96-A5F5-9162B97D87BB}"
EndProject
Global
	GlobalSection(SolutionConfigurationPlatforms) = preSolution
		Debug|Any CPU = Debug|Any CPU
		Release|Any CPU = Release|Any CPU
	EndGlobalSection
	GlobalSection(ProjectConfigurationPlatforms) = postSolution
		{EA1AC65F-9D86-4D96-A5F5-9162B97D87BB}.Debug|Any CPU.ActiveCfg = Debug|Any CPU
		{EA1AC65F-9D86-4D96-A5F5-9162B97D87BB}.Debug|Any CPU.Build.0 = Debug|Any CPU
		{EA1AC65F-9D86-4D96-A5F5-9162B97D87BB}.Release|Any CPU.ActiveCfg = Release|Any CPU
		{EA1AC65F-9D86-4D96-A5F5-9162B97D87BB}.Release|Any CPU.Build.0 = Release|Any CPU
	EndGlobalSection
EndGlobal
